// !$*UTF8*$!
{
	archiveVersion = 1;
	classes = {
	};
	objectVersion = 56;
	objects = {

/* Begin PBXBuildFile section */
		F409F40B2BBF2BBC004433D3 /* AppDelegate.swift in Sources */ = {isa = PBXBuildFile; fileRef = F409F40A2BBF2BBC004433D3 /* AppDelegate.swift */; };
		F409F40D2BBF2BBC004433D3 /* SceneDelegate.swift in Sources */ = {isa = PBXBuildFile; fileRef = F409F40C2BBF2BBC004433D3 /* SceneDelegate.swift */; };
		F409F40F2BBF2BBC004433D3 /* ViewController.swift in Sources */ = {isa = PBXBuildFile; fileRef = F409F40E2BBF2BBC004433D3 /* ViewController.swift */; };
		F409F4142BBF2BBE004433D3 /* Assets.xcassets in Resources */ = {isa = PBXBuildFile; fileRef = F409F4132BBF2BBE004433D3 /* Assets.xcassets */; };
		F409F4172BBF2BBE004433D3 /* Base in Resources */ = {isa = PBXBuildFile; fileRef = F409F4162BBF2BBE004433D3 /* Base */; };
		F409F4212BBF42DF004433D3 /* LaunchScreenController.swift in Sources */ = {isa = PBXBuildFile; fileRef = F409F4202BBF42DF004433D3 /* LaunchScreenController.swift */; };
		F409F4252BC1CDC0004433D3 /* Coordinator.swift in Sources */ = {isa = PBXBuildFile; fileRef = F409F4242BC1CDC0004433D3 /* Coordinator.swift */; };
		F409F4272BC1E127004433D3 /* AppCoordinator.swift in Sources */ = {isa = PBXBuildFile; fileRef = F409F4262BC1E127004433D3 /* AppCoordinator.swift */; };
		F409F4292BC1E192004433D3 /* LaunchScreenCoordinator.swift in Sources */ = {isa = PBXBuildFile; fileRef = F409F4282BC1E192004433D3 /* LaunchScreenCoordinator.swift */; };
		F409F42B2BC1E1D0004433D3 /* EpisodesCoordinator.swift in Sources */ = {isa = PBXBuildFile; fileRef = F409F42A2BC1E1D0004433D3 /* EpisodesCoordinator.swift */; };
		F409F42D2BC1E1EF004433D3 /* FavouritesCoordinator.swift in Sources */ = {isa = PBXBuildFile; fileRef = F409F42C2BC1E1EF004433D3 /* FavouritesCoordinator.swift */; };
		F409F42F2BC1E831004433D3 /* CharacterDetailsCoordinator.swift in Sources */ = {isa = PBXBuildFile; fileRef = F409F42E2BC1E831004433D3 /* CharacterDetailsCoordinator.swift */; };
		F409F4312BC1E99D004433D3 /* TabBarController.swift in Sources */ = {isa = PBXBuildFile; fileRef = F409F4302BC1E99D004433D3 /* TabBarController.swift */; };
		F409F4332BC72DBA004433D3 /* TabbarCoordinator.swift in Sources */ = {isa = PBXBuildFile; fileRef = F409F4322BC72DBA004433D3 /* TabbarCoordinator.swift */; };
		F438711D2BD2F91A00D50235 /* EpisodeCell.swift in Sources */ = {isa = PBXBuildFile; fileRef = F438711C2BD2F91A00D50235 /* EpisodeCell.swift */; };
		F438711F2BDAE74500D50235 /* FavouritesViewController.swift in Sources */ = {isa = PBXBuildFile; fileRef = F438711E2BDAE74500D50235 /* FavouritesViewController.swift */; };
		F44D04B42BC868D90081F8B5 /* EpisodesViewController.swift in Sources */ = {isa = PBXBuildFile; fileRef = F44D04B32BC868D90081F8B5 /* EpisodesViewController.swift */; };
		F44D04B62BC948F30081F8B5 /* CustomTextField.swift in Sources */ = {isa = PBXBuildFile; fileRef = F44D04B52BC948F30081F8B5 /* CustomTextField.swift */; };
		F44D04BA2BC9C2270081F8B5 /* UIColor+RGBandHEX.swift in Sources */ = {isa = PBXBuildFile; fileRef = F44D04B92BC9C2270081F8B5 /* UIColor+RGBandHEX.swift */; };
/* End PBXBuildFile section */

/* Begin PBXFileReference section */
		F409F4072BBF2BBC004433D3 /* Rick-and-Morty.app */ = {isa = PBXFileReference; explicitFileType = wrapper.application; includeInIndex = 0; path = "Rick-and-Morty.app"; sourceTree = BUILT_PRODUCTS_DIR; };
		F409F40A2BBF2BBC004433D3 /* AppDelegate.swift */ = {isa = PBXFileReference; lastKnownFileType = sourcecode.swift; path = AppDelegate.swift; sourceTree = "<group>"; };
		F409F40C2BBF2BBC004433D3 /* SceneDelegate.swift */ = {isa = PBXFileReference; lastKnownFileType = sourcecode.swift; path = SceneDelegate.swift; sourceTree = "<group>"; };
		F409F40E2BBF2BBC004433D3 /* ViewController.swift */ = {isa = PBXFileReference; lastKnownFileType = sourcecode.swift; path = ViewController.swift; sourceTree = "<group>"; };
		F409F4132BBF2BBE004433D3 /* Assets.xcassets */ = {isa = PBXFileReference; lastKnownFileType = folder.assetcatalog; path = Assets.xcassets; sourceTree = "<group>"; };
		F409F4162BBF2BBE004433D3 /* Base */ = {isa = PBXFileReference; lastKnownFileType = file.storyboard; name = Base; path = Base.lproj/LaunchScreen.storyboard; sourceTree = "<group>"; };
		F409F4182BBF2BBE004433D3 /* Info.plist */ = {isa = PBXFileReference; lastKnownFileType = text.plist.xml; path = Info.plist; sourceTree = "<group>"; };
		F409F4202BBF42DF004433D3 /* LaunchScreenController.swift */ = {isa = PBXFileReference; lastKnownFileType = sourcecode.swift; path = LaunchScreenController.swift; sourceTree = "<group>"; };
		F409F4242BC1CDC0004433D3 /* Coordinator.swift */ = {isa = PBXFileReference; lastKnownFileType = sourcecode.swift; path = Coordinator.swift; sourceTree = "<group>"; };
		F409F4262BC1E127004433D3 /* AppCoordinator.swift */ = {isa = PBXFileReference; lastKnownFileType = sourcecode.swift; path = AppCoordinator.swift; sourceTree = "<group>"; };
		F409F4282BC1E192004433D3 /* LaunchScreenCoordinator.swift */ = {isa = PBXFileReference; lastKnownFileType = sourcecode.swift; path = LaunchScreenCoordinator.swift; sourceTree = "<group>"; };
		F409F42A2BC1E1D0004433D3 /* EpisodesCoordinator.swift */ = {isa = PBXFileReference; lastKnownFileType = sourcecode.swift; path = EpisodesCoordinator.swift; sourceTree = "<group>"; };
		F409F42C2BC1E1EF004433D3 /* FavouritesCoordinator.swift */ = {isa = PBXFileReference; lastKnownFileType = sourcecode.swift; path = FavouritesCoordinator.swift; sourceTree = "<group>"; };
		F409F42E2BC1E831004433D3 /* CharacterDetailsCoordinator.swift */ = {isa = PBXFileReference; lastKnownFileType = sourcecode.swift; path = CharacterDetailsCoordinator.swift; sourceTree = "<group>"; };
		F409F4302BC1E99D004433D3 /* TabBarController.swift */ = {isa = PBXFileReference; lastKnownFileType = sourcecode.swift; path = TabBarController.swift; sourceTree = "<group>"; };
		F409F4322BC72DBA004433D3 /* TabbarCoordinator.swift */ = {isa = PBXFileReference; lastKnownFileType = sourcecode.swift; path = TabbarCoordinator.swift; sourceTree = "<group>"; };
		F438711C2BD2F91A00D50235 /* EpisodeCell.swift */ = {isa = PBXFileReference; lastKnownFileType = sourcecode.swift; path = EpisodeCell.swift; sourceTree = "<group>"; };
		F438711E2BDAE74500D50235 /* FavouritesViewController.swift */ = {isa = PBXFileReference; lastKnownFileType = sourcecode.swift; path = FavouritesViewController.swift; sourceTree = "<group>"; };
		F44D04B32BC868D90081F8B5 /* EpisodesViewController.swift */ = {isa = PBXFileReference; lastKnownFileType = sourcecode.swift; path = EpisodesViewController.swift; sourceTree = "<group>"; };
		F44D04B52BC948F30081F8B5 /* CustomTextField.swift */ = {isa = PBXFileReference; lastKnownFileType = sourcecode.swift; path = CustomTextField.swift; sourceTree = "<group>"; };
		F44D04B92BC9C2270081F8B5 /* UIColor+RGBandHEX.swift */ = {isa = PBXFileReference; lastKnownFileType = sourcecode.swift; path = "UIColor+RGBandHEX.swift"; sourceTree = "<group>"; };
/* End PBXFileReference section */

/* Begin PBXFrameworksBuildPhase section */
		F409F4042BBF2BBC004433D3 /* Frameworks */ = {
			isa = PBXFrameworksBuildPhase;
			buildActionMask = 2147483647;
			files = (
			);
			runOnlyForDeploymentPostprocessing = 0;
		};
/* End PBXFrameworksBuildPhase section */

/* Begin PBXGroup section */
		F409F3FE2BBF2BBC004433D3 = {
			isa = PBXGroup;
			children = (
				F409F4092BBF2BBC004433D3 /* Rick-and-Morty */,
				F409F4082BBF2BBC004433D3 /* Products */,
			);
			sourceTree = "<group>";
		};
		F409F4082BBF2BBC004433D3 /* Products */ = {
			isa = PBXGroup;
			children = (
				F409F4072BBF2BBC004433D3 /* Rick-and-Morty.app */,
			);
			name = Products;
			sourceTree = "<group>";
		};
		F409F4092BBF2BBC004433D3 /* Rick-and-Morty */ = {
			isa = PBXGroup;
			children = (
				F44D04B82BC9C1E00081F8B5 /* Helpers */,
				F409F4232BC1CD78004433D3 /* Controllers */,
				F409F4222BC1CD20004433D3 /* Coordinators */,
				F409F41F2BBF2E1A004433D3 /* Application */,
				F409F41E2BBF2DF9004433D3 /* Resources */,
			);
			path = "Rick-and-Morty";
			sourceTree = "<group>";
		};
		F409F41E2BBF2DF9004433D3 /* Resources */ = {
			isa = PBXGroup;
			children = (
				F409F4132BBF2BBE004433D3 /* Assets.xcassets */,
				F409F4152BBF2BBE004433D3 /* LaunchScreen.storyboard */,
				F409F4182BBF2BBE004433D3 /* Info.plist */,
			);
			path = Resources;
			sourceTree = "<group>";
		};
		F409F41F2BBF2E1A004433D3 /* Application */ = {
			isa = PBXGroup;
			children = (
				F409F40A2BBF2BBC004433D3 /* AppDelegate.swift */,
				F409F40C2BBF2BBC004433D3 /* SceneDelegate.swift */,
			);
			path = Application;
			sourceTree = "<group>";
		};
		F409F4222BC1CD20004433D3 /* Coordinators */ = {
			isa = PBXGroup;
			children = (
				F409F4242BC1CDC0004433D3 /* Coordinator.swift */,
				F409F4262BC1E127004433D3 /* AppCoordinator.swift */,
				F409F4282BC1E192004433D3 /* LaunchScreenCoordinator.swift */,
				F409F42A2BC1E1D0004433D3 /* EpisodesCoordinator.swift */,
				F409F42C2BC1E1EF004433D3 /* FavouritesCoordinator.swift */,
				F409F42E2BC1E831004433D3 /* CharacterDetailsCoordinator.swift */,
				F409F4322BC72DBA004433D3 /* TabbarCoordinator.swift */,
			);
			path = Coordinators;
			sourceTree = "<group>";
		};
		F409F4232BC1CD78004433D3 /* Controllers */ = {
			isa = PBXGroup;
			children = (
				F409F40E2BBF2BBC004433D3 /* ViewController.swift */,
				F409F4202BBF42DF004433D3 /* LaunchScreenController.swift */,
				F409F4302BC1E99D004433D3 /* TabBarController.swift */,
				F438711C2BD2F91A00D50235 /* EpisodeCell.swift */,
				F44D04B32BC868D90081F8B5 /* EpisodesViewController.swift */,
				F438711E2BDAE74500D50235 /* FavouritesViewController.swift */,
			);
			path = Controllers;
			sourceTree = "<group>";
		};
		F44D04B72BC948FB0081F8B5 /* Views */ = {
			isa = PBXGroup;
			children = (
				F44D04B52BC948F30081F8B5 /* CustomTextField.swift */,
			);
			path = Views;
			sourceTree = "<group>";
		};
		F44D04B82BC9C1E00081F8B5 /* Helpers */ = {
			isa = PBXGroup;
			children = (
				F44D04B72BC948FB0081F8B5 /* Views */,
				F44D04B92BC9C2270081F8B5 /* UIColor+RGBandHEX.swift */,
			);
			path = Helpers;
			sourceTree = "<group>";
		};
/* End PBXGroup section */

/* Begin PBXNativeTarget section */
		F409F4062BBF2BBC004433D3 /* Rick-and-Morty */ = {
			isa = PBXNativeTarget;
			buildConfigurationList = F409F41B2BBF2BBE004433D3 /* Build configuration list for PBXNativeTarget "Rick-and-Morty" */;
			buildPhases = (
				F409F4032BBF2BBC004433D3 /* Sources */,
				F409F4042BBF2BBC004433D3 /* Frameworks */,
				F409F4052BBF2BBC004433D3 /* Resources */,
			);
			buildRules = (
			);
			dependencies = (
			);
			name = "Rick-and-Morty";
			productName = "Rick-and-Morty";
			productReference = F409F4072BBF2BBC004433D3 /* Rick-and-Morty.app */;
			productType = "com.apple.product-type.application";
		};
/* End PBXNativeTarget section */

/* Begin PBXProject section */
		F409F3FF2BBF2BBC004433D3 /* Project object */ = {
			isa = PBXProject;
			attributes = {
				BuildIndependentTargetsInParallel = 1;
				LastSwiftUpdateCheck = 1530;
				LastUpgradeCheck = 1530;
				TargetAttributes = {
					F409F4062BBF2BBC004433D3 = {
						CreatedOnToolsVersion = 15.3;
					};
				};
			};
			buildConfigurationList = F409F4022BBF2BBC004433D3 /* Build configuration list for PBXProject "Rick-and-Morty" */;
			compatibilityVersion = "Xcode 14.0";
			developmentRegion = en;
			hasScannedForEncodings = 0;
			knownRegions = (
				en,
				Base,
			);
			mainGroup = F409F3FE2BBF2BBC004433D3;
			productRefGroup = F409F4082BBF2BBC004433D3 /* Products */;
			projectDirPath = "";
			projectRoot = "";
			targets = (
				F409F4062BBF2BBC004433D3 /* Rick-and-Morty */,
			);
		};
/* End PBXProject section */

/* Begin PBXResourcesBuildPhase section */
		F409F4052BBF2BBC004433D3 /* Resources */ = {
			isa = PBXResourcesBuildPhase;
			buildActionMask = 2147483647;
			files = (
				F409F4142BBF2BBE004433D3 /* Assets.xcassets in Resources */,
				F409F4172BBF2BBE004433D3 /* Base in Resources */,
			);
			runOnlyForDeploymentPostprocessing = 0;
		};
/* End PBXResourcesBuildPhase section */

/* Begin PBXSourcesBuildPhase section */
		F409F4032BBF2BBC004433D3 /* Sources */ = {
			isa = PBXSourcesBuildPhase;
			buildActionMask = 2147483647;
			files = (
				F438711F2BDAE74500D50235 /* FavouritesViewController.swift in Sources */,
				F44D04B62BC948F30081F8B5 /* CustomTextField.swift in Sources */,
				F409F4292BC1E192004433D3 /* LaunchScreenCoordinator.swift in Sources */,
				F44D04B42BC868D90081F8B5 /* EpisodesViewController.swift in Sources */,
				F409F4272BC1E127004433D3 /* AppCoordinator.swift in Sources */,
				F409F4312BC1E99D004433D3 /* TabBarController.swift in Sources */,
				F438711D2BD2F91A00D50235 /* EpisodeCell.swift in Sources */,
				F44D04BA2BC9C2270081F8B5 /* UIColor+RGBandHEX.swift in Sources */,
				F409F42D2BC1E1EF004433D3 /* FavouritesCoordinator.swift in Sources */,
				F409F4212BBF42DF004433D3 /* LaunchScreenController.swift in Sources */,
				F409F40F2BBF2BBC004433D3 /* ViewController.swift in Sources */,
				F409F42B2BC1E1D0004433D3 /* EpisodesCoordinator.swift in Sources */,
				F409F42F2BC1E831004433D3 /* CharacterDetailsCoordinator.swift in Sources */,
				F409F4252BC1CDC0004433D3 /* Coordinator.swift in Sources */,
				F409F40B2BBF2BBC004433D3 /* AppDelegate.swift in Sources */,
				F409F4332BC72DBA004433D3 /* TabbarCoordinator.swift in Sources */,
				F409F40D2BBF2BBC004433D3 /* SceneDelegate.swift in Sources */,
			);
			runOnlyForDeploymentPostprocessing = 0;
		};
/* End PBXSourcesBuildPhase section */

/* Begin PBXVariantGroup section */
		F409F4152BBF2BBE004433D3 /* LaunchScreen.storyboard */ = {
			isa = PBXVariantGroup;
			children = (
				F409F4162BBF2BBE004433D3 /* Base */,
			);
			name = LaunchScreen.storyboard;
			sourceTree = "<group>";
		};
/* End PBXVariantGroup section */

/* Begin XCBuildConfiguration section */
		F409F4192BBF2BBE004433D3 /* Debug */ = {
			isa = XCBuildConfiguration;
			buildSettings = {
				ALWAYS_SEARCH_USER_PATHS = NO;
				ASSETCATALOG_COMPILER_GENERATE_SWIFT_ASSET_SYMBOL_EXTENSIONS = YES;
				CLANG_ANALYZER_NONNULL = YES;
				CLANG_ANALYZER_NUMBER_OBJECT_CONVERSION = YES_AGGRESSIVE;
				CLANG_CXX_LANGUAGE_STANDARD = "gnu++20";
				CLANG_ENABLE_MODULES = YES;
				CLANG_ENABLE_OBJC_ARC = YES;
				CLANG_ENABLE_OBJC_WEAK = YES;
				CLANG_WARN_BLOCK_CAPTURE_AUTORELEASING = YES;
				CLANG_WARN_BOOL_CONVERSION = YES;
				CLANG_WARN_COMMA = YES;
				CLANG_WARN_CONSTANT_CONVERSION = YES;
				CLANG_WARN_DEPRECATED_OBJC_IMPLEMENTATIONS = YES;
				CLANG_WARN_DIRECT_OBJC_ISA_USAGE = YES_ERROR;
				CLANG_WARN_DOCUMENTATION_COMMENTS = YES;
				CLANG_WARN_EMPTY_BODY = YES;
				CLANG_WARN_ENUM_CONVERSION = YES;
				CLANG_WARN_INFINITE_RECURSION = YES;
				CLANG_WARN_INT_CONVERSION = YES;
				CLANG_WARN_NON_LITERAL_NULL_CONVERSION = YES;
				CLANG_WARN_OBJC_IMPLICIT_RETAIN_SELF = YES;
				CLANG_WARN_OBJC_LITERAL_CONVERSION = YES;
				CLANG_WARN_OBJC_ROOT_CLASS = YES_ERROR;
				CLANG_WARN_QUOTED_INCLUDE_IN_FRAMEWORK_HEADER = YES;
				CLANG_WARN_RANGE_LOOP_ANALYSIS = YES;
				CLANG_WARN_STRICT_PROTOTYPES = YES;
				CLANG_WARN_SUSPICIOUS_MOVE = YES;
				CLANG_WARN_UNGUARDED_AVAILABILITY = YES_AGGRESSIVE;
				CLANG_WARN_UNREACHABLE_CODE = YES;
				CLANG_WARN__DUPLICATE_METHOD_MATCH = YES;
				COPY_PHASE_STRIP = NO;
				DEBUG_INFORMATION_FORMAT = dwarf;
				ENABLE_STRICT_OBJC_MSGSEND = YES;
				ENABLE_TESTABILITY = YES;
				ENABLE_USER_SCRIPT_SANDBOXING = YES;
				GCC_C_LANGUAGE_STANDARD = gnu17;
				GCC_DYNAMIC_NO_PIC = NO;
				GCC_NO_COMMON_BLOCKS = YES;
				GCC_OPTIMIZATION_LEVEL = 0;
				GCC_PREPROCESSOR_DEFINITIONS = (
					"DEBUG=1",
					"$(inherited)",
				);
				GCC_WARN_64_TO_32_BIT_CONVERSION = YES;
				GCC_WARN_ABOUT_RETURN_TYPE = YES_ERROR;
				GCC_WARN_UNDECLARED_SELECTOR = YES;
				GCC_WARN_UNINITIALIZED_AUTOS = YES_AGGRESSIVE;
				GCC_WARN_UNUSED_FUNCTION = YES;
				GCC_WARN_UNUSED_VARIABLE = YES;
				IPHONEOS_DEPLOYMENT_TARGET = 14.0;
				LOCALIZATION_PREFERS_STRING_CATALOGS = YES;
				MTL_ENABLE_DEBUG_INFO = INCLUDE_SOURCE;
				MTL_FAST_MATH = YES;
				ONLY_ACTIVE_ARCH = YES;
				SDKROOT = iphoneos;
				SWIFT_ACTIVE_COMPILATION_CONDITIONS = "DEBUG $(inherited)";
				SWIFT_OPTIMIZATION_LEVEL = "-Onone";
			};
			name = Debug;
		};
		F409F41A2BBF2BBE004433D3 /* Release */ = {
			isa = XCBuildConfiguration;
			buildSettings = {
				ALWAYS_SEARCH_USER_PATHS = NO;
				ASSETCATALOG_COMPILER_GENERATE_SWIFT_ASSET_SYMBOL_EXTENSIONS = YES;
				CLANG_ANALYZER_NONNULL = YES;
				CLANG_ANALYZER_NUMBER_OBJECT_CONVERSION = YES_AGGRESSIVE;
				CLANG_CXX_LANGUAGE_STANDARD = "gnu++20";
				CLANG_ENABLE_MODULES = YES;
				CLANG_ENABLE_OBJC_ARC = YES;
				CLANG_ENABLE_OBJC_WEAK = YES;
				CLANG_WARN_BLOCK_CAPTURE_AUTORELEASING = YES;
				CLANG_WARN_BOOL_CONVERSION = YES;
				CLANG_WARN_COMMA = YES;
				CLANG_WARN_CONSTANT_CONVERSION = YES;
				CLANG_WARN_DEPRECATED_OBJC_IMPLEMENTATIONS = YES;
				CLANG_WARN_DIRECT_OBJC_ISA_USAGE = YES_ERROR;
				CLANG_WARN_DOCUMENTATION_COMMENTS = YES;
				CLANG_WARN_EMPTY_BODY = YES;
				CLANG_WARN_ENUM_CONVERSION = YES;
				CLANG_WARN_INFINITE_RECURSION = YES;
				CLANG_WARN_INT_CONVERSION = YES;
				CLANG_WARN_NON_LITERAL_NULL_CONVERSION = YES;
				CLANG_WARN_OBJC_IMPLICIT_RETAIN_SELF = YES;
				CLANG_WARN_OBJC_LITERAL_CONVERSION = YES;
				CLANG_WARN_OBJC_ROOT_CLASS = YES_ERROR;
				CLANG_WARN_QUOTED_INCLUDE_IN_FRAMEWORK_HEADER = YES;
				CLANG_WARN_RANGE_LOOP_ANALYSIS = YES;
				CLANG_WARN_STRICT_PROTOTYPES = YES;
				CLANG_WARN_SUSPICIOUS_MOVE = YES;
				CLANG_WARN_UNGUARDED_AVAILABILITY = YES_AGGRESSIVE;
				CLANG_WARN_UNREACHABLE_CODE = YES;
				CLANG_WARN__DUPLICATE_METHOD_MATCH = YES;
				COPY_PHASE_STRIP = NO;
				DEBUG_INFORMATION_FORMAT = "dwarf-with-dsym";
				ENABLE_NS_ASSERTIONS = NO;
				ENABLE_STRICT_OBJC_MSGSEND = YES;
				ENABLE_USER_SCRIPT_SANDBOXING = YES;
				GCC_C_LANGUAGE_STANDARD = gnu17;
				GCC_NO_COMMON_BLOCKS = YES;
				GCC_WARN_64_TO_32_BIT_CONVERSION = YES;
				GCC_WARN_ABOUT_RETURN_TYPE = YES_ERROR;
				GCC_WARN_UNDECLARED_SELECTOR = YES;
				GCC_WARN_UNINITIALIZED_AUTOS = YES_AGGRESSIVE;
				GCC_WARN_UNUSED_FUNCTION = YES;
				GCC_WARN_UNUSED_VARIABLE = YES;
				IPHONEOS_DEPLOYMENT_TARGET = 14.0;
				LOCALIZATION_PREFERS_STRING_CATALOGS = YES;
				MTL_ENABLE_DEBUG_INFO = NO;
				MTL_FAST_MATH = YES;
				SDKROOT = iphoneos;
				SWIFT_COMPILATION_MODE = wholemodule;
				VALIDATE_PRODUCT = YES;
			};
			name = Release;
		};
		F409F41C2BBF2BBE004433D3 /* Debug */ = {
			isa = XCBuildConfiguration;
			buildSettings = {
				ASSETCATALOG_COMPILER_APPICON_NAME = AppIcon;
				ASSETCATALOG_COMPILER_GLOBAL_ACCENT_COLOR_NAME = AccentColor;
				CODE_SIGN_STYLE = Automatic;
				CURRENT_PROJECT_VERSION = 1;
				DEVELOPMENT_TEAM = 2NHQFJT4NM;
				GENERATE_INFOPLIST_FILE = YES;
				INFOPLIST_FILE = "Rick-and-Morty/Resources/Info.plist";
				INFOPLIST_KEY_UIApplicationSupportsIndirectInputEvents = YES;
				INFOPLIST_KEY_UILaunchStoryboardName = LaunchScreen;
				INFOPLIST_KEY_UISupportedInterfaceOrientations = UIInterfaceOrientationPortrait;
				INFOPLIST_KEY_UISupportedInterfaceOrientations_iPad = "UIInterfaceOrientationLandscapeLeft UIInterfaceOrientationLandscapeRight UIInterfaceOrientationPortrait UIInterfaceOrientationPortraitUpsideDown";
				IPHONEOS_DEPLOYMENT_TARGET = 14.0;
				LD_RUNPATH_SEARCH_PATHS = (
					"$(inherited)",
					"@executable_path/Frameworks",
				);
				MARKETING_VERSION = 1.0;
				PRODUCT_BUNDLE_IDENTIFIER = "DV.Rick-and-Morty";
				PRODUCT_NAME = "$(TARGET_NAME)";
				SUPPORTED_PLATFORMS = "iphoneos iphonesimulator";
				SUPPORTS_MACCATALYST = NO;
				SUPPORTS_MAC_DESIGNED_FOR_IPHONE_IPAD = NO;
				SUPPORTS_XR_DESIGNED_FOR_IPHONE_IPAD = NO;
				SWIFT_EMIT_LOC_STRINGS = YES;
				SWIFT_VERSION = 5.0;
				TARGETED_DEVICE_FAMILY = 1;
			};
			name = Debug;
		};
		F409F41D2BBF2BBE004433D3 /* Release */ = {
			isa = XCBuildConfiguration;
			buildSettings = {
				ASSETCATALOG_COMPILER_APPICON_NAME = AppIcon;
				ASSETCATALOG_COMPILER_GLOBAL_ACCENT_COLOR_NAME = AccentColor;
				CODE_SIGN_STYLE = Automatic;
				CURRENT_PROJECT_VERSION = 1;
				DEVELOPMENT_TEAM = 2NHQFJT4NM;
				GENERATE_INFOPLIST_FILE = YES;
				INFOPLIST_FILE = "Rick-and-Morty/Resources/Info.plist";
				INFOPLIST_KEY_UIApplicationSupportsIndirectInputEvents = YES;
				INFOPLIST_KEY_UILaunchStoryboardName = LaunchScreen;
				INFOPLIST_KEY_UISupportedInterfaceOrientations = UIInterfaceOrientationPortrait;
				INFOPLIST_KEY_UISupportedInterfaceOrientations_iPad = "UIInterfaceOrientationLandscapeLeft UIInterfaceOrientationLandscapeRight UIInterfaceOrientationPortrait UIInterfaceOrientationPortraitUpsideDown";
				IPHONEOS_DEPLOYMENT_TARGET = 14.0;
				LD_RUNPATH_SEARCH_PATHS = (
					"$(inherited)",
					"@executable_path/Frameworks",
				);
				MARKETING_VERSION = 1.0;
				PRODUCT_BUNDLE_IDENTIFIER = "DV.Rick-and-Morty";
				PRODUCT_NAME = "$(TARGET_NAME)";
				SUPPORTED_PLATFORMS = "iphoneos iphonesimulator";
				SUPPORTS_MACCATALYST = NO;
				SUPPORTS_MAC_DESIGNED_FOR_IPHONE_IPAD = NO;
				SUPPORTS_XR_DESIGNED_FOR_IPHONE_IPAD = NO;
				SWIFT_EMIT_LOC_STRINGS = YES;
				SWIFT_VERSION = 5.0;
				TARGETED_DEVICE_FAMILY = 1;
			};
			name = Release;
		};
/* End XCBuildConfiguration section */

/* Begin XCConfigurationList section */
		F409F4022BBF2BBC004433D3 /* Build configuration list for PBXProject "Rick-and-Morty" */ = {
			isa = XCConfigurationList;
			buildConfigurations = (
				F409F4192BBF2BBE004433D3 /* Debug */,
				F409F41A2BBF2BBE004433D3 /* Release */,
			);
			defaultConfigurationIsVisible = 0;
			defaultConfigurationName = Release;
		};
		F409F41B2BBF2BBE004433D3 /* Build configuration list for PBXNativeTarget "Rick-and-Morty" */ = {
			isa = XCConfigurationList;
			buildConfigurations = (
				F409F41C2BBF2BBE004433D3 /* Debug */,
				F409F41D2BBF2BBE004433D3 /* Release */,
			);
			defaultConfigurationIsVisible = 0;
			defaultConfigurationName = Release;
		};
/* End XCConfigurationList section */
	};
	rootObject = F409F3FF2BBF2BBC004433D3 /* Project object */;
}
